
Microsoft Visual Studio Solution File, Format Version 12.00
# Visual Studio 15
VisualStudioVersion = 15.0.28307.271
MinimumVisualStudioVersion = 10.0.40219.1
Project("{FAE04EC0-301F-11D3-BF4B-00C04F79EFBC}") = "SOS_Oyunu_Console", "SOS_Oyunu_Console\SOS_Oyunu_Console.csproj", "{4BF4CFF5-6B3E-4C0B-BBE9-B5C0A28FF590}"
EndProject
Global
	GlobalSection(SolutionConfigurationPlatforms) = preSolution
		Debug|Any CPU = Debug|Any CPU
		Release|Any CPU = Release|Any CPU
	EndGlobalSection
	GlobalSection(ProjectConfigurationPlatforms) = postSolution
		{4BF4CFF5-6B3E-4C0B-BBE9-B5C0A28FF590}.Debug|Any CPU.ActiveCfg = Debug|Any CPU
		{4BF4CFF5-6B3E-4C0B-BBE9-B5C0A28FF590}.Debug|Any CPU.Build.0 = Debug|Any CPU
		{4BF4CFF5-6B3E-4C0B-BBE9-B5C0A28FF590}.Release|Any CPU.ActiveCfg = Release|Any CPU
		{4BF4CFF5-6B3E-4C0B-BBE9-B5C0A28FF590}.Release|Any CPU.Build.0 = Release|Any CPU
	EndGlobalSection
	GlobalSection(SolutionProperties) = preSolution
		HideSolutionNode = FALSE
	EndGlobalSection
	GlobalSection(ExtensibilityGlobals) = postSolution
		SolutionGuid = {3B41383F-9EA1-4C92-A8FB-73680C7591F1}
	EndGlobalSection
EndGlobal
